
Microsoft Visual Studio Solution File, Format Version 12.00
# Visual Studio 15
VisualStudioVersion = 15.0.28307.572
MinimumVisualStudioVersion = 10.0.40219.1
Project("{FAE04EC0-301F-11D3-BF4B-00C04F79EFBC}") = "myDNA.Robot", "myDNA.Robot\myDNA.Robot.csproj", "{06F5DC92-2F7C-4293-BCE1-487C8507964F}"
EndProject
Project("{FAE04EC0-301F-11D3-BF4B-00C04F79EFBC}") = "UnitTestProject", "UnitTestProject\UnitTestProject.csproj", "{99E6F7D8-9A7B-4443-A32C-DA542654090A}"
EndProject
Global
	GlobalSection(SolutionConfigurationPlatforms) = preSolution
		Debug|Any CPU = Debug|Any CPU
		Release|Any CPU = Release|Any CPU
	EndGlobalSection
	GlobalSection(ProjectConfigurationPlatforms) = postSolution
		{06F5DC92-2F7C-4293-BCE1-487C8507964F}.Debug|Any CPU.ActiveCfg = Debug|Any CPU
		{06F5DC92-2F7C-4293-BCE1-487C8507964F}.Debug|Any CPU.Build.0 = Debug|Any CPU
		{06F5DC92-2F7C-4293-BCE1-487C8507964F}.Release|Any CPU.ActiveCfg = Release|Any CPU
		{06F5DC92-2F7C-4293-BCE1-487C8507964F}.Release|Any CPU.Build.0 = Release|Any CPU
		{99E6F7D8-9A7B-4443-A32C-DA542654090A}.Debug|Any CPU.ActiveCfg = Debug|Any CPU
		{99E6F7D8-9A7B-4443-A32C-DA542654090A}.Debug|Any CPU.Build.0 = Debug|Any CPU
		{99E6F7D8-9A7B-4443-A32C-DA542654090A}.Release|Any CPU.ActiveCfg = Release|Any CPU
		{99E6F7D8-9A7B-4443-A32C-DA542654090A}.Release|Any CPU.Build.0 = Release|Any CPU
	EndGlobalSection
	GlobalSection(SolutionProperties) = preSolution
		HideSolutionNode = FALSE
	EndGlobalSection
	GlobalSection(ExtensibilityGlobals) = postSolution
		SolutionGuid = {2864EBCB-4E65-4E76-865E-232973180D17}
	EndGlobalSection
EndGlobal
